// !$*UTF8*$!
{
	archiveVersion = 1;
	classes = {
	};
	objectVersion = 56;
	objects = {

/* Begin PBXBuildFile section */
		821E46012B88FFE800EC870B /* AppDelegate.swift in Sources */ = {isa = PBXBuildFile; fileRef = 821E46002B88FFE800EC870B /* AppDelegate.swift */; };
		821E46032B88FFE800EC870B /* SceneDelegate.swift in Sources */ = {isa = PBXBuildFile; fileRef = 821E46022B88FFE800EC870B /* SceneDelegate.swift */; };
		821E46082B88FFE800EC870B /* Main.storyboard in Resources */ = {isa = PBXBuildFile; fileRef = 821E46062B88FFE800EC870B /* Main.storyboard */; };
		821E460A2B88FFEA00EC870B /* Assets.xcassets in Resources */ = {isa = PBXBuildFile; fileRef = 821E46092B88FFEA00EC870B /* Assets.xcassets */; };
		821E460D2B88FFEA00EC870B /* LaunchScreen.storyboard in Resources */ = {isa = PBXBuildFile; fileRef = 821E460B2B88FFEA00EC870B /* LaunchScreen.storyboard */; };
		82A24A692B89D04D007BBEB1 /* HomeViewController.swift in Sources */ = {isa = PBXBuildFile; fileRef = 82A24A672B89D04D007BBEB1 /* HomeViewController.swift */; };
		82A24A6A2B89D04D007BBEB1 /* HomeViewController.xib in Resources */ = {isa = PBXBuildFile; fileRef = 82A24A682B89D04D007BBEB1 /* HomeViewController.xib */; };
		82A24A6F2B89DDDE007BBEB1 /* MainViewController.swift in Sources */ = {isa = PBXBuildFile; fileRef = 82A24A6D2B89DDDE007BBEB1 /* MainViewController.swift */; };
		82A24A702B89DDDE007BBEB1 /* MainViewController.xib in Resources */ = {isa = PBXBuildFile; fileRef = 82A24A6E2B89DDDE007BBEB1 /* MainViewController.xib */; };
		82A24A732B89E14E007BBEB1 /* Model.swift in Sources */ = {isa = PBXBuildFile; fileRef = 82A24A722B89E14E007BBEB1 /* Model.swift */; };
/* End PBXBuildFile section */

/* Begin PBXFileReference section */
		821E45FD2B88FFE800EC870B /* GithubUiKit.app */ = {isa = PBXFileReference; explicitFileType = wrapper.application; includeInIndex = 0; path = GithubUiKit.app; sourceTree = BUILT_PRODUCTS_DIR; };
		821E46002B88FFE800EC870B /* AppDelegate.swift */ = {isa = PBXFileReference; lastKnownFileType = sourcecode.swift; path = AppDelegate.swift; sourceTree = "<group>"; };
		821E46022B88FFE800EC870B /* SceneDelegate.swift */ = {isa = PBXFileReference; lastKnownFileType = sourcecode.swift; path = SceneDelegate.swift; sourceTree = "<group>"; };
		821E46072B88FFE800EC870B /* Base */ = {isa = PBXFileReference; lastKnownFileType = file.storyboard; name = Base; path = Base.lproj/Main.storyboard; sourceTree = "<group>"; };
		821E46092B88FFEA00EC870B /* Assets.xcassets */ = {isa = PBXFileReference; lastKnownFileType = folder.assetcatalog; path = Assets.xcassets; sourceTree = "<group>"; };
		821E460C2B88FFEA00EC870B /* Base */ = {isa = PBXFileReference; lastKnownFileType = file.storyboard; name = Base; path = Base.lproj/LaunchScreen.storyboard; sourceTree = "<group>"; };
		821E460E2B88FFEA00EC870B /* Info.plist */ = {isa = PBXFileReference; lastKnownFileType = text.plist.xml; path = Info.plist; sourceTree = "<group>"; };
		82A24A672B89D04D007BBEB1 /* HomeViewController.swift */ = {isa = PBXFileReference; lastKnownFileType = sourcecode.swift; path = HomeViewController.swift; sourceTree = "<group>"; };
		82A24A682B89D04D007BBEB1 /* HomeViewController.xib */ = {isa = PBXFileReference; lastKnownFileType = file.xib; path = HomeViewController.xib; sourceTree = "<group>"; };
		82A24A6D2B89DDDE007BBEB1 /* MainViewController.swift */ = {isa = PBXFileReference; lastKnownFileType = sourcecode.swift; path = MainViewController.swift; sourceTree = "<group>"; };
		82A24A6E2B89DDDE007BBEB1 /* MainViewController.xib */ = {isa = PBXFileReference; lastKnownFileType = file.xib; path = MainViewController.xib; sourceTree = "<group>"; };
		82A24A722B89E14E007BBEB1 /* Model.swift */ = {isa = PBXFileReference; lastKnownFileType = sourcecode.swift; path = Model.swift; sourceTree = "<group>"; };
/* End PBXFileReference section */

/* Begin PBXFrameworksBuildPhase section */
		821E45FA2B88FFE800EC870B /* Frameworks */ = {
			isa = PBXFrameworksBuildPhase;
			buildActionMask = 2147483647;
			files = (
			);
			runOnlyForDeploymentPostprocessing = 0;
		};
/* End PBXFrameworksBuildPhase section */

/* Begin PBXGroup section */
		821E45F42B88FFE800EC870B = {
			isa = PBXGroup;
			children = (
				821E45FF2B88FFE800EC870B /* GithubUiKit */,
				821E45FE2B88FFE800EC870B /* Products */,
			);
			sourceTree = "<group>";
		};
		821E45FE2B88FFE800EC870B /* Products */ = {
			isa = PBXGroup;
			children = (
				821E45FD2B88FFE800EC870B /* GithubUiKit.app */,
			);
			name = Products;
			sourceTree = "<group>";
		};
		821E45FF2B88FFE800EC870B /* GithubUiKit */ = {
			isa = PBXGroup;
			children = (
				82A24A712B89E145007BBEB1 /* Modal */,
				82A24A6B2B89D05A007BBEB1 /* Controllers */,
				821E46002B88FFE800EC870B /* AppDelegate.swift */,
				821E46022B88FFE800EC870B /* SceneDelegate.swift */,
				82A24A6C2B89D073007BBEB1 /* AppUtils */,
				821E460E2B88FFEA00EC870B /* Info.plist */,
			);
			path = GithubUiKit;
			sourceTree = "<group>";
		};
		82A24A6B2B89D05A007BBEB1 /* Controllers */ = {
			isa = PBXGroup;
			children = (
				82A24A682B89D04D007BBEB1 /* HomeViewController.xib */,
				82A24A672B89D04D007BBEB1 /* HomeViewController.swift */,
				82A24A6E2B89DDDE007BBEB1 /* MainViewController.xib */,
				82A24A6D2B89DDDE007BBEB1 /* MainViewController.swift */,
			);
			path = Controllers;
			sourceTree = "<group>";
		};
		82A24A6C2B89D073007BBEB1 /* AppUtils */ = {
			isa = PBXGroup;
			children = (
				821E46062B88FFE800EC870B /* Main.storyboard */,
				821E460B2B88FFEA00EC870B /* LaunchScreen.storyboard */,
				821E46092B88FFEA00EC870B /* Assets.xcassets */,
			);
			path = AppUtils;
			sourceTree = "<group>";
		};
		82A24A712B89E145007BBEB1 /* Modal */ = {
			isa = PBXGroup;
			children = (
				82A24A722B89E14E007BBEB1 /* Model.swift */,
			);
			path = Modal;
			sourceTree = "<group>";
		};
/* End PBXGroup section */

/* Begin PBXNativeTarget section */
		821E45FC2B88FFE800EC870B /* GithubUiKit */ = {
			isa = PBXNativeTarget;
			buildConfigurationList = 821E46112B88FFEA00EC870B /* Build configuration list for PBXNativeTarget "GithubUiKit" */;
			buildPhases = (
				821E45F92B88FFE800EC870B /* Sources */,
				821E45FA2B88FFE800EC870B /* Frameworks */,
				821E45FB2B88FFE800EC870B /* Resources */,
			);
			buildRules = (
			);
			dependencies = (
			);
			name = GithubUiKit;
			productName = GithubUiKit;
			productReference = 821E45FD2B88FFE800EC870B /* GithubUiKit.app */;
			productType = "com.apple.product-type.application";
		};
/* End PBXNativeTarget section */

/* Begin PBXProject section */
		821E45F52B88FFE800EC870B /* Project object */ = {
			isa = PBXProject;
			attributes = {
				BuildIndependentTargetsInParallel = 1;
				LastSwiftUpdateCheck = 1520;
				LastUpgradeCheck = 1520;
				TargetAttributes = {
					821E45FC2B88FFE800EC870B = {
						CreatedOnToolsVersion = 15.2;
					};
				};
			};
			buildConfigurationList = 821E45F82B88FFE800EC870B /* Build configuration list for PBXProject "GithubUiKit" */;
			compatibilityVersion = "Xcode 14.0";
			developmentRegion = en;
			hasScannedForEncodings = 0;
			knownRegions = (
				en,
				Base,
			);
			mainGroup = 821E45F42B88FFE800EC870B;
			productRefGroup = 821E45FE2B88FFE800EC870B /* Products */;
			projectDirPath = "";
			projectRoot = "";
			targets = (
				821E45FC2B88FFE800EC870B /* GithubUiKit */,
			);
		};
/* End PBXProject section */

/* Begin PBXResourcesBuildPhase section */
		821E45FB2B88FFE800EC870B /* Resources */ = {
			isa = PBXResourcesBuildPhase;
			buildActionMask = 2147483647;
			files = (
				821E460D2B88FFEA00EC870B /* LaunchScreen.storyboard in Resources */,
				821E460A2B88FFEA00EC870B /* Assets.xcassets in Resources */,
				82A24A702B89DDDE007BBEB1 /* MainViewController.xib in Resources */,
				821E46082B88FFE800EC870B /* Main.storyboard in Resources */,
				82A24A6A2B89D04D007BBEB1 /* HomeViewController.xib in Resources */,
			);
			runOnlyForDeploymentPostprocessing = 0;
		};
/* End PBXResourcesBuildPhase section */

/* Begin PBXSourcesBuildPhase section */
		821E45F92B88FFE800EC870B /* Sources */ = {
			isa = PBXSourcesBuildPhase;
			buildActionMask = 2147483647;
			files = (
				82A24A732B89E14E007BBEB1 /* Model.swift in Sources */,
				821E46012B88FFE800EC870B /* AppDelegate.swift in Sources */,
				821E46032B88FFE800EC870B /* SceneDelegate.swift in Sources */,
				82A24A692B89D04D007BBEB1 /* HomeViewController.swift in Sources */,
				82A24A6F2B89DDDE007BBEB1 /* MainViewController.swift in Sources */,
			);
			runOnlyForDeploymentPostprocessing = 0;
		};
/* End PBXSourcesBuildPhase section */

/* Begin PBXVariantGroup section */
		821E46062B88FFE800EC870B /* Main.storyboard */ = {
			isa = PBXVariantGroup;
			children = (
				821E46072B88FFE800EC870B /* Base */,
			);
			name = Main.storyboard;
			sourceTree = "<group>";
		};
		821E460B2B88FFEA00EC870B /* LaunchScreen.storyboard */ = {
			isa = PBXVariantGroup;
			children = (
				821E460C2B88FFEA00EC870B /* Base */,
			);
			name = LaunchScreen.storyboard;
			sourceTree = "<group>";
		};
/* End PBXVariantGroup section */

/* Begin XCBuildConfiguration section */
		821E460F2B88FFEA00EC870B /* Debug */ = {
			isa = XCBuildConfiguration;
			buildSettings = {
				ALWAYS_SEARCH_USER_PATHS = NO;
				ASSETCATALOG_COMPILER_GENERATE_SWIFT_ASSET_SYMBOL_EXTENSIONS = YES;
				CLANG_ANALYZER_NONNULL = YES;
				CLANG_ANALYZER_NUMBER_OBJECT_CONVERSION = YES_AGGRESSIVE;
				CLANG_CXX_LANGUAGE_STANDARD = "gnu++20";
				CLANG_ENABLE_MODULES = YES;
				CLANG_ENABLE_OBJC_ARC = YES;
				CLANG_ENABLE_OBJC_WEAK = YES;
				CLANG_WARN_BLOCK_CAPTURE_AUTORELEASING = YES;
				CLANG_WARN_BOOL_CONVERSION = YES;
				CLANG_WARN_COMMA = YES;
				CLANG_WARN_CONSTANT_CONVERSION = YES;
				CLANG_WARN_DEPRECATED_OBJC_IMPLEMENTATIONS = YES;
				CLANG_WARN_DIRECT_OBJC_ISA_USAGE = YES_ERROR;
				CLANG_WARN_DOCUMENTATION_COMMENTS = YES;
				CLANG_WARN_EMPTY_BODY = YES;
				CLANG_WARN_ENUM_CONVERSION = YES;
				CLANG_WARN_INFINITE_RECURSION = YES;
				CLANG_WARN_INT_CONVERSION = YES;
				CLANG_WARN_NON_LITERAL_NULL_CONVERSION = YES;
				CLANG_WARN_OBJC_IMPLICIT_RETAIN_SELF = YES;
				CLANG_WARN_OBJC_LITERAL_CONVERSION = YES;
				CLANG_WARN_OBJC_ROOT_CLASS = YES_ERROR;
				CLANG_WARN_QUOTED_INCLUDE_IN_FRAMEWORK_HEADER = YES;
				CLANG_WARN_RANGE_LOOP_ANALYSIS = YES;
				CLANG_WARN_STRICT_PROTOTYPES = YES;
				CLANG_WARN_SUSPICIOUS_MOVE = YES;
				CLANG_WARN_UNGUARDED_AVAILABILITY = YES_AGGRESSIVE;
				CLANG_WARN_UNREACHABLE_CODE = YES;
				CLANG_WARN__DUPLICATE_METHOD_MATCH = YES;
				COPY_PHASE_STRIP = NO;
				DEBUG_INFORMATION_FORMAT = dwarf;
				ENABLE_STRICT_OBJC_MSGSEND = YES;
				ENABLE_TESTABILITY = YES;
				ENABLE_USER_SCRIPT_SANDBOXING = YES;
				GCC_C_LANGUAGE_STANDARD = gnu17;
				GCC_DYNAMIC_NO_PIC = NO;
				GCC_NO_COMMON_BLOCKS = YES;
				GCC_OPTIMIZATION_LEVEL = 0;
				GCC_PREPROCESSOR_DEFINITIONS = (
					"DEBUG=1",
					"$(inherited)",
				);
				GCC_WARN_64_TO_32_BIT_CONVERSION = YES;
				GCC_WARN_ABOUT_RETURN_TYPE = YES_ERROR;
				GCC_WARN_UNDECLARED_SELECTOR = YES;
				GCC_WARN_UNINITIALIZED_AUTOS = YES_AGGRESSIVE;
				GCC_WARN_UNUSED_FUNCTION = YES;
				GCC_WARN_UNUSED_VARIABLE = YES;
				IPHONEOS_DEPLOYMENT_TARGET = 17.2;
				LOCALIZATION_PREFERS_STRING_CATALOGS = YES;
				MTL_ENABLE_DEBUG_INFO = INCLUDE_SOURCE;
				MTL_FAST_MATH = YES;
				ONLY_ACTIVE_ARCH = YES;
				SDKROOT = iphoneos;
				SWIFT_ACTIVE_COMPILATION_CONDITIONS = "DEBUG $(inherited)";
				SWIFT_OPTIMIZATION_LEVEL = "-Onone";
			};
			name = Debug;
		};
		821E46102B88FFEA00EC870B /* Release */ = {
			isa = XCBuildConfiguration;
			buildSettings = {
				ALWAYS_SEARCH_USER_PATHS = NO;
				ASSETCATALOG_COMPILER_GENERATE_SWIFT_ASSET_SYMBOL_EXTENSIONS = YES;
				CLANG_ANALYZER_NONNULL = YES;
				CLANG_ANALYZER_NUMBER_OBJECT_CONVERSION = YES_AGGRESSIVE;
				CLANG_CXX_LANGUAGE_STANDARD = "gnu++20";
				CLANG_ENABLE_MODULES = YES;
				CLANG_ENABLE_OBJC_ARC = YES;
				CLANG_ENABLE_OBJC_WEAK = YES;
				CLANG_WARN_BLOCK_CAPTURE_AUTORELEASING = YES;
				CLANG_WARN_BOOL_CONVERSION = YES;
				CLANG_WARN_COMMA = YES;
				CLANG_WARN_CONSTANT_CONVERSION = YES;
				CLANG_WARN_DEPRECATED_OBJC_IMPLEMENTATIONS = YES;
				CLANG_WARN_DIRECT_OBJC_ISA_USAGE = YES_ERROR;
				CLANG_WARN_DOCUMENTATION_COMMENTS = YES;
				CLANG_WARN_EMPTY_BODY = YES;
				CLANG_WARN_ENUM_CONVERSION = YES;
				CLANG_WARN_INFINITE_RECURSION = YES;
				CLANG_WARN_INT_CONVERSION = YES;
				CLANG_WARN_NON_LITERAL_NULL_CONVERSION = YES;
				CLANG_WARN_OBJC_IMPLICIT_RETAIN_SELF = YES;
				CLANG_WARN_OBJC_LITERAL_CONVERSION = YES;
				CLANG_WARN_OBJC_ROOT_CLASS = YES_ERROR;
				CLANG_WARN_QUOTED_INCLUDE_IN_FRAMEWORK_HEADER = YES;
				CLANG_WARN_RANGE_LOOP_ANALYSIS = YES;
				CLANG_WARN_STRICT_PROTOTYPES = YES;
				CLANG_WARN_SUSPICIOUS_MOVE = YES;
				CLANG_WARN_UNGUARDED_AVAILABILITY = YES_AGGRESSIVE;
				CLANG_WARN_UNREACHABLE_CODE = YES;
				CLANG_WARN__DUPLICATE_METHOD_MATCH = YES;
				COPY_PHASE_STRIP = NO;
				DEBUG_INFORMATION_FORMAT = "dwarf-with-dsym";
				ENABLE_NS_ASSERTIONS = NO;
				ENABLE_STRICT_OBJC_MSGSEND = YES;
				ENABLE_USER_SCRIPT_SANDBOXING = YES;
				GCC_C_LANGUAGE_STANDARD = gnu17;
				GCC_NO_COMMON_BLOCKS = YES;
				GCC_WARN_64_TO_32_BIT_CONVERSION = YES;
				GCC_WARN_ABOUT_RETURN_TYPE = YES_ERROR;
				GCC_WARN_UNDECLARED_SELECTOR = YES;
				GCC_WARN_UNINITIALIZED_AUTOS = YES_AGGRESSIVE;
				GCC_WARN_UNUSED_FUNCTION = YES;
				GCC_WARN_UNUSED_VARIABLE = YES;
				IPHONEOS_DEPLOYMENT_TARGET = 17.2;
				LOCALIZATION_PREFERS_STRING_CATALOGS = YES;
				MTL_ENABLE_DEBUG_INFO = NO;
				MTL_FAST_MATH = YES;
				SDKROOT = iphoneos;
				SWIFT_COMPILATION_MODE = wholemodule;
				VALIDATE_PRODUCT = YES;
			};
			name = Release;
		};
		821E46122B88FFEA00EC870B /* Debug */ = {
			isa = XCBuildConfiguration;
			buildSettings = {
				ASSETCATALOG_COMPILER_APPICON_NAME = AppIcon;
				ASSETCATALOG_COMPILER_GLOBAL_ACCENT_COLOR_NAME = AccentColor;
				CODE_SIGN_STYLE = Automatic;
				CURRENT_PROJECT_VERSION = 1;
				DEVELOPMENT_TEAM = D27FHR29X4;
				GENERATE_INFOPLIST_FILE = YES;
				INFOPLIST_FILE = GithubUiKit/Info.plist;
				INFOPLIST_KEY_UIApplicationSupportsIndirectInputEvents = YES;
				INFOPLIST_KEY_UILaunchStoryboardName = LaunchScreen;
				INFOPLIST_KEY_UIMainStoryboardFile = Main;
				INFOPLIST_KEY_UISupportedInterfaceOrientations_iPad = "UIInterfaceOrientationPortrait UIInterfaceOrientationPortraitUpsideDown UIInterfaceOrientationLandscapeLeft UIInterfaceOrientationLandscapeRight";
				INFOPLIST_KEY_UISupportedInterfaceOrientations_iPhone = "UIInterfaceOrientationPortrait UIInterfaceOrientationLandscapeLeft UIInterfaceOrientationLandscapeRight";
				LD_RUNPATH_SEARCH_PATHS = (
					"$(inherited)",
					"@executable_path/Frameworks",
				);
				MARKETING_VERSION = 1.0;
				PRODUCT_BUNDLE_IDENTIFIER = Azer.GithubUiKit;
				PRODUCT_NAME = "$(TARGET_NAME)";
				SWIFT_EMIT_LOC_STRINGS = YES;
				SWIFT_VERSION = 5.0;
				TARGETED_DEVICE_FAMILY = "1,2";
			};
			name = Debug;
		};
		821E46132B88FFEA00EC870B /* Release */ = {
			isa = XCBuildConfiguration;
			buildSettings = {
				ASSETCATALOG_COMPILER_APPICON_NAME = AppIcon;
				ASSETCATALOG_COMPILER_GLOBAL_ACCENT_COLOR_NAME = AccentColor;
				CODE_SIGN_STYLE = Automatic;
				CURRENT_PROJECT_VERSION = 1;
				DEVELOPMENT_TEAM = D27FHR29X4;
				GENERATE_INFOPLIST_FILE = YES;
				INFOPLIST_FILE = GithubUiKit/Info.plist;
				INFOPLIST_KEY_UIApplicationSupportsIndirectInputEvents = YES;
				INFOPLIST_KEY_UILaunchStoryboardName = LaunchScreen;
				INFOPLIST_KEY_UIMainStoryboardFile = Main;
				INFOPLIST_KEY_UISupportedInterfaceOrientations_iPad = "UIInterfaceOrientationPortrait UIInterfaceOrientationPortraitUpsideDown UIInterfaceOrientationLandscapeLeft UIInterfaceOrientationLandscapeRight";
				INFOPLIST_KEY_UISupportedInterfaceOrientations_iPhone = "UIInterfaceOrientationPortrait UIInterfaceOrientationLandscapeLeft UIInterfaceOrientationLandscapeRight";
				LD_RUNPATH_SEARCH_PATHS = (
					"$(inherited)",
					"@executable_path/Frameworks",
				);
				MARKETING_VERSION = 1.0;
				PRODUCT_BUNDLE_IDENTIFIER = Azer.GithubUiKit;
				PRODUCT_NAME = "$(TARGET_NAME)";
				SWIFT_EMIT_LOC_STRINGS = YES;
				SWIFT_VERSION = 5.0;
				TARGETED_DEVICE_FAMILY = "1,2";
			};
			name = Release;
		};
/* End XCBuildConfiguration section */

/* Begin XCConfigurationList section */
		821E45F82B88FFE800EC870B /* Build configuration list for PBXProject "GithubUiKit" */ = {
			isa = XCConfigurationList;
			buildConfigurations = (
				821E460F2B88FFEA00EC870B /* Debug */,
				821E46102B88FFEA00EC870B /* Release */,
			);
			defaultConfigurationIsVisible = 0;
			defaultConfigurationName = Release;
		};
		821E46112B88FFEA00EC870B /* Build configuration list for PBXNativeTarget "GithubUiKit" */ = {
			isa = XCConfigurationList;
			buildConfigurations = (
				821E46122B88FFEA00EC870B /* Debug */,
				821E46132B88FFEA00EC870B /* Release */,
			);
			defaultConfigurationIsVisible = 0;
			defaultConfigurationName = Release;
		};
/* End XCConfigurationList section */
	};
	rootObject = 821E45F52B88FFE800EC870B /* Project object */;
}
